
Microsoft Visual Studio Solution File, Format Version 12.00
# Visual Studio Version 17
VisualStudioVersion = 17.11.35219.272
MinimumVisualStudioVersion = 10.0.40219.1
Project("{9A19103F-16F7-4668-BE54-9A1E7A4F7556}") = "01_ActionFilterUsage", "01_ActionFilterUsage\01_ActionFilterUsage.csproj", "{854CAC9D-5978-42E9-B53E-48406BF1787B}"
EndProject
Project("{FAE04EC0-301F-11D3-BF4B-00C04F79EFBC}") = "02_Middlewares", "02_Middlewares\02_Middlewares.csproj", "{0BE6BD18-01FA-4DB5-8FBC-BAAC3E16A947}"
EndProject
Project("{FAE04EC0-301F-11D3-BF4B-00C04F79EFBC}") = "03_APIVersioning", "03_APIVersioning\03_APIVersioning.csproj", "{BE2AC0CA-EB40-4043-8502-935B46D48A12}"
EndProject
Project("{FAE04EC0-301F-11D3-BF4B-00C04F79EFBC}") = "04_Problems", "04_Problems\04_Problems.csproj", "{58282612-8AE7-4FE6-A53D-768FF9A7B86C}"
EndProject
Global
	GlobalSection(SolutionConfigurationPlatforms) = preSolution
		Debug|Any CPU = Debug|Any CPU
		Release|Any CPU = Release|Any CPU
	EndGlobalSection
	GlobalSection(ProjectConfigurationPlatforms) = postSolution
		{854CAC9D-5978-42E9-B53E-48406BF1787B}.Debug|Any CPU.ActiveCfg = Debug|Any CPU
		{854CAC9D-5978-42E9-B53E-48406BF1787B}.Debug|Any CPU.Build.0 = Debug|Any CPU
		{854CAC9D-5978-42E9-B53E-48406BF1787B}.Release|Any CPU.ActiveCfg = Release|Any CPU
		{854CAC9D-5978-42E9-B53E-48406BF1787B}.Release|Any CPU.Build.0 = Release|Any CPU
		{0BE6BD18-01FA-4DB5-8FBC-BAAC3E16A947}.Debug|Any CPU.ActiveCfg = Debug|Any CPU
		{0BE6BD18-01FA-4DB5-8FBC-BAAC3E16A947}.Debug|Any CPU.Build.0 = Debug|Any CPU
		{0BE6BD18-01FA-4DB5-8FBC-BAAC3E16A947}.Release|Any CPU.ActiveCfg = Release|Any CPU
		{0BE6BD18-01FA-4DB5-8FBC-BAAC3E16A947}.Release|Any CPU.Build.0 = Release|Any CPU
		{BE2AC0CA-EB40-4043-8502-935B46D48A12}.Debug|Any CPU.ActiveCfg = Debug|Any CPU
		{BE2AC0CA-EB40-4043-8502-935B46D48A12}.Debug|Any CPU.Build.0 = Debug|Any CPU
		{BE2AC0CA-EB40-4043-8502-935B46D48A12}.Release|Any CPU.ActiveCfg = Release|Any CPU
		{BE2AC0CA-EB40-4043-8502-935B46D48A12}.Release|Any CPU.Build.0 = Release|Any CPU
		{58282612-8AE7-4FE6-A53D-768FF9A7B86C}.Debug|Any CPU.ActiveCfg = Debug|Any CPU
		{58282612-8AE7-4FE6-A53D-768FF9A7B86C}.Debug|Any CPU.Build.0 = Debug|Any CPU
		{58282612-8AE7-4FE6-A53D-768FF9A7B86C}.Release|Any CPU.ActiveCfg = Release|Any CPU
		{58282612-8AE7-4FE6-A53D-768FF9A7B86C}.Release|Any CPU.Build.0 = Release|Any CPU
	EndGlobalSection
	GlobalSection(SolutionProperties) = preSolution
		HideSolutionNode = FALSE
	EndGlobalSection
	GlobalSection(ExtensibilityGlobals) = postSolution
		SolutionGuid = {F2936756-58A7-4C92-9E1D-807FFC4E38DC}
	EndGlobalSection
EndGlobal
